
Microsoft Visual Studio Solution File, Format Version 12.00
# Visual Studio Version 17
VisualStudioVersion = 17.6.33723.286
MinimumVisualStudioVersion = 10.0.40219.1
Project("{FAE04EC0-301F-11D3-BF4B-00C04F79EFBC}") = "Monitoramento", "Monitoramento\Monitoramento.csproj", "{9C2831FE-2846-4619-954E-DFA912C6C8EC}"
EndProject
Global
	GlobalSection(SolutionConfigurationPlatforms) = preSolution
		Debug|Any CPU = Debug|Any CPU
		Release|Any CPU = Release|Any CPU
	EndGlobalSection
	GlobalSection(ProjectConfigurationPlatforms) = postSolution
		{9C2831FE-2846-4619-954E-DFA912C6C8EC}.Debug|Any CPU.ActiveCfg = Debug|Any CPU
		{9C2831FE-2846-4619-954E-DFA912C6C8EC}.Debug|Any CPU.Build.0 = Debug|Any CPU
		{9C2831FE-2846-4619-954E-DFA912C6C8EC}.Release|Any CPU.ActiveCfg = Release|Any CPU
		{9C2831FE-2846-4619-954E-DFA912C6C8EC}.Release|Any CPU.Build.0 = Release|Any CPU
	EndGlobalSection
	GlobalSection(SolutionProperties) = preSolution
		HideSolutionNode = FALSE
	EndGlobalSection
	GlobalSection(ExtensibilityGlobals) = postSolution
		SolutionGuid = {1B7E5FD6-0DC8-412F-AB8F-327049284C6B}
	EndGlobalSection
EndGlobal
